
Microsoft Visual Studio Solution File, Format Version 12.00
# Visual Studio Version 17
VisualStudioVersion = 17.0.31423.177
MinimumVisualStudioVersion = 10.0.40219.1
Project("{FAE04EC0-301F-11D3-BF4B-00C04F79EFBC}") = "PDF2Word", "PDF2Word\PDF2Word.csproj", "{45D7164C-1735-45EA-BD35-3E7DF3410FAE}"
EndProject
Global
	GlobalSection(SolutionConfigurationPlatforms) = preSolution
		Debug|Any CPU = Debug|Any CPU
		Release|Any CPU = Release|Any CPU
	EndGlobalSection
	GlobalSection(ProjectConfigurationPlatforms) = postSolution
		{45D7164C-1735-45EA-BD35-3E7DF3410FAE}.Debug|Any CPU.ActiveCfg = Debug|Any CPU
		{45D7164C-1735-45EA-BD35-3E7DF3410FAE}.Debug|Any CPU.Build.0 = Debug|Any CPU
		{45D7164C-1735-45EA-BD35-3E7DF3410FAE}.Release|Any CPU.ActiveCfg = Release|Any CPU
		{45D7164C-1735-45EA-BD35-3E7DF3410FAE}.Release|Any CPU.Build.0 = Release|Any CPU
	EndGlobalSection
	GlobalSection(SolutionProperties) = preSolution
		HideSolutionNode = FALSE
	EndGlobalSection
	GlobalSection(ExtensibilityGlobals) = postSolution
		SolutionGuid = {B31CD8E3-1ACB-4D14-A381-4148A3110367}
	EndGlobalSection
EndGlobal
